PODS:
  - DLMantle (2.2)
  - MantleNullValuesOmit (0.0.5):
    - DLMantle (~> 2.2)
  - RACObjC (3.3.0)
  - RACObjC_UI (3.3.0):
    - RACObjC (~> 3.3)
  - WebRTC (61.5.19063)
  - WebSocketRocket (0.5.5)

DEPENDENCIES:
  - DLMantle (~> 2.2)
  - MantleNullValuesOmit (~> 0.0.5)
  - RACObjC (~> 3.3)
  - RACObjC_UI (~> 3.3)
  - WebRTC (= 61.5.19063)
  - WebSocketRocket

SPEC REPOS:
  trunk:
    - DLMantle
    - MantleNullValuesOmit
    - RACObjC
    - RACObjC_UI
    - WebRTC
    - WebSocketRocket

SPEC CHECKSUMS:
  DLMantle: deb6033847123bdb43f1ebf3aed35db84380e57d
  MantleNullValuesOmit: 693c1e4868bee337f30d38b90c89431bb46dfc56
  RACObjC: d4f7c8c966a7ff8f04ba315507110ab1e940aef6
  RACObjC_UI: 2dd3a077d68a16acb1bab0d85eb656cf27c4552c
  WebRTC: 141474ba648e0b940a70696c183451b4a3b2b10f
  WebSocketRocket: ad15beb53f56f24ee74fc96cb2bc3fe305452a8a

PODFILE CHECKSUM: dcfbd97d4e11dcf5ac457900b5545e634605cebb

COCOAPODS: 1.15.2
