PODS:
  - Mantle (2.0.7):
    - Mantle/extobjc (= 2.0.7)
  - Mantle/extobjc (2.0.7)
  - MantleNullValuesOmit (0.0.1):
    - Mantle (= 2.0.7)
  - NSDictionaryMerge (1.0)
  - RACSRWebSocket (1.1.3):
    - ReactiveCocoa (= 2.5)
    - SocketRocket (= 0.5.1)
  - ReactiveCocoa (2.5):
    - ReactiveCocoa/UI (= 2.5)
  - ReactiveCocoa/Core (2.5):
    - ReactiveCocoa/no-arc
  - ReactiveCocoa/no-arc (2.5)
  - ReactiveCocoa/UI (2.5):
    - ReactiveCocoa/Core
  - SocketRocket (0.5.1)
  - WebRTC (13869.6.0)

DEPENDENCIES:
  - Mantle (= 2.0.7)
  - MantleNullValuesOmit (= 0.0.1)
  - NSDictionaryMerge (= 1.0)
  - RACSRWebSocket (= 1.1.3)
  - ReactiveCocoa (= 2.5)
  - WebRTC (= 13869.6.0)

SPEC CHECKSUMS:
  Mantle: bc40bb061d8c2c6fb48d5083e04d928c3b7f73d9
  MantleNullValuesOmit: e9c363e6abee04bfaa4373fce80ec66f174fe442
  NSDictionaryMerge: 27071382a60ebf258eaed63f17430a51fb4c0c00
  RACSRWebSocket: 6c75361f81f57e93c5b81191ba568f0382e54c01
  ReactiveCocoa: e2db045570aa97c695e7aa97c2bcab222ae51f4a
  SocketRocket: d57c7159b83c3c6655745cd15302aa24b6bae531
  WebRTC: ee369681c4f06e868fa45a7a6abbbf2c865c49ae

PODFILE CHECKSUM: 0cd632f30ac5f3f828a478061e82989836475b5b

COCOAPODS: 1.0.1
